
Microsoft Visual Studio Solution File, Format Version 11.00
# Visual Studio 2010
# SharpDevelop 4.3
Project("{FAE04EC0-301F-11D3-BF4B-00C04F79EFBC}") = "hl2ac_launcher", "hl2ac_launcher\hl2ac_launcher.csproj", "{BA230999-B2C5-41D2-B1F6-7A0B6CD6F62C}"
EndProject
Global
	GlobalSection(SolutionConfigurationPlatforms) = preSolution
		Debug|Any CPU = Debug|Any CPU
		Release|Any CPU = Release|Any CPU
	EndGlobalSection
	GlobalSection(ProjectConfigurationPlatforms) = postSolution
		{BA230999-B2C5-41D2-B1F6-7A0B6CD6F62C}.Debug|Any CPU.Build.0 = Debug|Any CPU
		{BA230999-B2C5-41D2-B1F6-7A0B6CD6F62C}.Debug|Any CPU.ActiveCfg = Debug|Any CPU
		{BA230999-B2C5-41D2-B1F6-7A0B6CD6F62C}.Release|Any CPU.Build.0 = Release|Any CPU
		{BA230999-B2C5-41D2-B1F6-7A0B6CD6F62C}.Release|Any CPU.ActiveCfg = Release|Any CPU
	EndGlobalSection
EndGlobal
